
Microsoft Visual Studio Solution File, Format Version 12.00
# Visual Studio 15
VisualStudioVersion = 15.0.28307.136
MinimumVisualStudioVersion = 10.0.40219.1
Project("{FAE04EC0-301F-11D3-BF4B-00C04F79EFBC}") = "GeometrijskiOblici", "GeometrijskiOblici\GeometrijskiOblici.csproj", "{462BA6B4-9F52-45E0-892B-D59E019135AF}"
EndProject
Project("{FAE04EC0-301F-11D3-BF4B-00C04F79EFBC}") = "Biblioteka", "Biblioteka\Biblioteka.csproj", "{1E5C08D8-A760-4A8E-97A7-F4578DBE0580}"
EndProject
Global
	GlobalSection(SolutionConfigurationPlatforms) = preSolution
		Debug|Any CPU = Debug|Any CPU
		Release|Any CPU = Release|Any CPU
	EndGlobalSection
	GlobalSection(ProjectConfigurationPlatforms) = postSolution
		{462BA6B4-9F52-45E0-892B-D59E019135AF}.Debug|Any CPU.ActiveCfg = Debug|Any CPU
		{462BA6B4-9F52-45E0-892B-D59E019135AF}.Debug|Any CPU.Build.0 = Debug|Any CPU
		{462BA6B4-9F52-45E0-892B-D59E019135AF}.Release|Any CPU.ActiveCfg = Release|Any CPU
		{462BA6B4-9F52-45E0-892B-D59E019135AF}.Release|Any CPU.Build.0 = Release|Any CPU
		{1E5C08D8-A760-4A8E-97A7-F4578DBE0580}.Debug|Any CPU.ActiveCfg = Debug|Any CPU
		{1E5C08D8-A760-4A8E-97A7-F4578DBE0580}.Debug|Any CPU.Build.0 = Debug|Any CPU
		{1E5C08D8-A760-4A8E-97A7-F4578DBE0580}.Release|Any CPU.ActiveCfg = Release|Any CPU
		{1E5C08D8-A760-4A8E-97A7-F4578DBE0580}.Release|Any CPU.Build.0 = Release|Any CPU
	EndGlobalSection
	GlobalSection(SolutionProperties) = preSolution
		HideSolutionNode = FALSE
	EndGlobalSection
	GlobalSection(ExtensibilityGlobals) = postSolution
		SolutionGuid = {DC05A78E-FF78-4BA6-9BF3-C3AD1B14DD86}
	EndGlobalSection
EndGlobal
